
Microsoft Visual Studio Solution File, Format Version 12.00
# Visual Studio Version 17
VisualStudioVersion = 17.7.34024.191
MinimumVisualStudioVersion = 10.0.40219.1
Project("{FAE04EC0-301F-11D3-BF4B-00C04F79EFBC}") = "Task_12.09.23", "Task_12.09.23.csproj", "{90A6AC5B-3D08-4A16-B670-511A01D2FF24}"
EndProject
Global
	GlobalSection(SolutionConfigurationPlatforms) = preSolution
		Debug|Any CPU = Debug|Any CPU
		Release|Any CPU = Release|Any CPU
	EndGlobalSection
	GlobalSection(ProjectConfigurationPlatforms) = postSolution
		{90A6AC5B-3D08-4A16-B670-511A01D2FF24}.Debug|Any CPU.ActiveCfg = Debug|Any CPU
		{90A6AC5B-3D08-4A16-B670-511A01D2FF24}.Debug|Any CPU.Build.0 = Debug|Any CPU
		{90A6AC5B-3D08-4A16-B670-511A01D2FF24}.Release|Any CPU.ActiveCfg = Release|Any CPU
		{90A6AC5B-3D08-4A16-B670-511A01D2FF24}.Release|Any CPU.Build.0 = Release|Any CPU
	EndGlobalSection
	GlobalSection(SolutionProperties) = preSolution
		HideSolutionNode = FALSE
	EndGlobalSection
	GlobalSection(ExtensibilityGlobals) = postSolution
		SolutionGuid = {CDBB5505-41B3-4140-AEE6-EE0F56894F9E}
	EndGlobalSection
EndGlobal
